github.com/FactomProject/basen v0.0.0-20150613233007-fe3947df716e h1:ahyvB3q25YnZWly5Gq1ekg6jcmWaGj/vG/MhF4aisoc=
github.com/FactomProject/basen v0.0.0-20150613233007-fe3947df716e/go.mod h1:kGUqhHd//musdITWjFvNTHn90WG9bMLBEPQZ17Cmlpw=
github.com/FactomProject/btcutilecc v0.0.0-20130527213604-d3a63a5752ec h1:1Qb69mGp/UtRPn422BH4/Y4Q3SLUrD9KHuDkm8iodFc=
github.com/FactomProject/btcutilecc v0.0.0-20130527213604-d3a63a5752ec/go.mod h1:CD8UlnlLDiqb36L110uqiP2iSflVjx9g/3U9hCI4q2U=
github.com/cmars/basen v0.0.0-20150613233007-fe3947df716e h1:0XBUw73chJ1VYSsfvcPvVT7auykAJce9FpRr10L6Qhw=
github.com/cmars/basen v0.0.0-20150613233007-fe3947df716e/go.mod h1:P13beTBKr5Q18lJe1rIoLUqjM+CB1zYrRg44ZqGuQSA=
github.com/davecgh/go-spew v1.1.0/go.mod h1:J7Y8YcW2NihsgmVo/mv3lAwl/skON4iLHjSsI+c5H38=
github.com/davecgh/go-spew v1.1.1 h1:vj9j/u1bqnvCEfJOwUhtlOARqs3+rkHYY13jYWTU97c=
github.com/davecgh/go-spew v1.1.1/go.mod h1:J7Y8YcW2NihsgmVo/mv3lAwl/skON4iLHjSsI+c5H38=
github.com/koba-e964/bip32-typesafe v0.1.0 h1:xbKhbQaUq7Hs6xKG/WmV/uo+XNj0y+bDKoZRxoQpxo8=
github.com/koba-e964/bip32-typesafe v0.1.0/go.mod h1:mGBpH6qVwWrDU2SRqv170elwqSsqChnA2bX8jwBqN/U=
github.com/pmezard/go-difflib v1.0.0 h1:4DBwDE0NGyQoBHbLQYPwSUPoCMWR5BEzIk/f1lZbAQM=
github.com/pmezard/go-difflib v1.0.0/go.mod h1:iKH77koFhYxTK1pcRnkKkqfTogsbg7gZNVY4sRDYZ/4=
github.com/stretchr/testify v1.1.5-0.20170601210322-f6abca593680/go.mod h1:a8OnRcib4nhh0OaRAV+Yts87kKdq0PP7pXfy6kDkUVs=
github.com/stretchr/testify v1.8.4 h1:CcVxjf3Q8PM0mHUKJCdn+eZZtm5yQwehR5yeSVQQcUk=
github.com/stretchr/testify v1.8.4/go.mod h1:sz/lmYIOXD/1dqDmKjjqLyZ2RngseejIcXlSw2iwfAo=
github.com/tyler-smith/go-bip32 v1.0.0 h1:sDR9juArbUgX+bO/iblgZnMPeWY1KZMUC2AFUJdv5KE=
github.com/tyler-smith/go-bip32 v1.0.0/go.mod h1:onot+eHknzV4BVPwrzqY5OoVpyCvnwD7lMawL5aQupE=
golang.org/x/crypto v0.0.0-20170613210332-850760c427c5/go.mod h1:6SG95UA2DQfeDnfUPMdvaQW0Q7yPrPDi9nlGo2tz2b4=
golang.org/x/crypto v0.16.0 h1:mMMrFzRSCF0GvB7Ne27XVtVAaXLrPmgPC7/v0tkwHaY=
golang.org/x/crypto v0.16.0/go.mod h1:gCAAfMLgwOJRpTjQ2zCCt2OcSfYMTeZVSRtQlPC7Nq4=
gopkg.in/yaml.v3 v3.0.1 h1:fxVm/GzAzEWqLHuvctI91KS9hhNmmWOoWu0XTYJS7CA=
gopkg.in/yaml.v3 v3.0.1/go.mod h1:K4uyk7z7BCEPqu6E+C64Yfv1cQ7kz7rIZviUmN+EgEM=
launchpad.net/gocheck v0.0.0-20140225173054-000000000087 h1:Izowp2XBH6Ya6rv+hqbceQyw/gSGoXfH/UPoTGduL54=
launchpad.net/gocheck v0.0.0-20140225173054-000000000087/go.mod h1:hj7XX3B/0A+80Vse0e+BUHsHMTEhd0O4cpUHr/e/BUM=
